# This file is generated by running "yarn install" inside your project.
# Manual changes might be lost - proceed with caution!

__metadata:
  version: 6
  cacheKey: 8

"@openzeppelin/contracts@npm:^5.2.0":
  version: 5.2.0
  resolution: "@openzeppelin/contracts@npm:5.2.0"
  checksum: badff8c3be46b099c331e90ba27f75e36f7af681279952cf0b123c7448bc53cd541ef447de8e6ebc38e7b29aed8f17dacf0756aac5891eed03fe96a0a4eba1a0
  languageName: node
  linkType: hard

"@prb/test@npm:^0.6.4":
  version: 0.6.4
  resolution: "@prb/test@npm:0.6.4"
  checksum: c7d8a771c3b7ed74aa46510149a148a2fc0c6e72c5bb4dfcb5929655736dbd9c5ccc7a21676af3e10be1de3c6fe98766e2581deddd8b0852e8c1f11a116757ad
  languageName: node
  linkType: hard

"@river-build/diamond@workspace:.":
  version: 0.0.0-use.local
  resolution: "@river-build/diamond@workspace:."
  dependencies:
    "@openzeppelin/contracts": ^5.2.0
    "@prb/test": ^0.6.4
    forge-std: "github:foundry-rs/forge-std#v1.9.6"
    prettier: ^3.5.3
    prettier-plugin-solidity: ^1.4.1
    solady: ^0.1.12
  languageName: unknown
  linkType: soft

"@solidity-parser/parser@npm:^0.19.0":
  version: 0.19.0
  resolution: "@solidity-parser/parser@npm:0.19.0"
  checksum: b1c556eeb83ac99f066ea4b0eb0bee45321a667f76dbafef95f8bc6adf32d1f8f52f752fb47620c61d1a264d3acb7534d75a8daa6d21099f55bc52b0af13ad83
  languageName: node
  linkType: hard

"forge-std@github:foundry-rs/forge-std#v1.9.6":
  version: 1.9.6
  resolution: "forge-std@https://github.com/foundry-rs/forge-std.git#commit=3b20d60d14b343ee4f908cb8079495c07f5e8981"
  checksum: 09083036e38d0f0cf5721f8788330b815b3c6c2369b84c4ee95e0047a5bff5d8a46ff59d3dd1aa89dfc97b3d85bb42579fb11b27d4f05b4ae416cf5b6f783bdc
  languageName: node
  linkType: hard

"prettier-plugin-solidity@npm:^1.4.1":
  version: 1.4.2
  resolution: "prettier-plugin-solidity@npm:1.4.2"
  dependencies:
    "@solidity-parser/parser": ^0.19.0
    semver: ^7.6.3
  peerDependencies:
    prettier: ">=2.3.0"
  checksum: 0ff7a1f24cf4917fa15e4ecfc0c714f01aea424226cb20a5a408957a59d23ae2864efc805930240d9d7a0e64d4333bd26057e39d1cf5e01600453a1fa191fc91
  languageName: node
  linkType: hard

"prettier@npm:^3.5.3":
  version: 3.5.3
  resolution: "prettier@npm:3.5.3"
  bin:
    prettier: bin/prettier.cjs
  checksum: 61e97bb8e71a95d8f9c71f1fd5229c9aaa9d1e184dedb12399f76aa802fb6fdc8954ecac9df25a7f82ee7311cf8ddbd06baf5507388fc98e5b44036cc6a88a1b
  languageName: node
  linkType: hard

"semver@npm:^7.6.3":
  version: 7.7.1
  resolution: "semver@npm:7.7.1"
  bin:
    semver: bin/semver.js
  checksum: 586b825d36874007c9382d9e1ad8f93888d8670040add24a28e06a910aeebd673a2eb9e3bf169c6679d9245e66efb9057e0852e70d9daa6c27372aab1dda7104
  languageName: node
  linkType: hard

"solady@npm:^0.1.12":
  version: 0.1.12
  resolution: "solady@npm:0.1.12"
  checksum: 1d2ffb9de7bd649018390d67c31fce42364432acdd68fc0aab55dae37a2468905b626431f152535beaa864f5a1c89c8678e4cd13a29024a6b1cda81852468e2b
  languageName: node
  linkType: hard
