# THIS IS AN AUTOGENERATED FILE. DO NOT EDIT THIS FILE DIRECTLY.
# yarn lockfile v1


"@openzeppelin/contracts@^5.2.0":
  version "5.2.0"
  resolved "https://registry.yarnpkg.com/@openzeppelin/contracts/-/contracts-5.2.0.tgz#bd020694218202b811b0ea3eec07277814c658da"
  integrity sha512-bxjNie5z89W1Ea0NZLZluFh8PrFNn9DH8DQlujEok2yjsOlraUPKID5p1Wk3qdNbf6XkQ1Os2RvfiHrrXLHWKA==

"@prb/test@^0.6.4":
  version "0.6.4"
  resolved "https://registry.yarnpkg.com/@prb/test/-/test-0.6.4.tgz#20faa4b06e8c6e8fd19adcb8eb88d29d9f755afc"
  integrity sha512-P0tTMsB6XQ0Wp61EYdXJYFhsOVGyZvcOFub2y9yk0sF+GYDusctR7DzEI+vOP0SILm3knFkEJASjewHEBppdRQ==

"@solidity-parser/parser@^0.19.0":
  version "0.19.0"
  resolved "https://registry.yarnpkg.com/@solidity-parser/parser/-/parser-0.19.0.tgz#37a8983b2725af9b14ff8c4a475fa0e98d773c3f"
  integrity sha512-RV16k/qIxW/wWc+mLzV3ARyKUaMUTBy9tOLMzFhtNSKYeTAanQ3a5MudJKf/8arIFnA2L27SNjarQKmFg0w/jA==

"forge-std@github:foundry-rs/forge-std#v1.9.5":
  version "1.9.5"
  resolved "https://codeload.github.com/foundry-rs/forge-std/tar.gz/b93cf4bc34ff214c099dc970b153f85ade8c9f66"

husky@^9.0.6:
  version "9.1.7"
  resolved "https://registry.yarnpkg.com/husky/-/husky-9.1.7.tgz#d46a38035d101b46a70456a850ff4201344c0b2d"
  integrity sha512-5gs5ytaNjBrh5Ow3zrvdUUY+0VxIuWVL4i9irt6friV+BqdCfmV11CQTWMiBYWHbXhco+J1kHfTOUkePhCDvMA==

prettier-plugin-solidity@^1.4.1:
  version "1.4.2"
  resolved "https://registry.yarnpkg.com/prettier-plugin-solidity/-/prettier-plugin-solidity-1.4.2.tgz#d4f6173674e73a29731a8c79c45ab6f5246310df"
  integrity sha512-VVD/4XlDjSzyPWWCPW8JEleFa8JNKFYac5kNlMjVXemQyQZKfpekPMhFZSePuXB6L+RixlFvWe20iacGjFYrLw==
  dependencies:
    "@solidity-parser/parser" "^0.19.0"
    semver "^7.6.3"

prettier@^3.5.3:
  version "3.5.3"
  resolved "https://registry.yarnpkg.com/prettier/-/prettier-3.5.3.tgz#4fc2ce0d657e7a02e602549f053b239cb7dfe1b5"
  integrity sha512-QQtaxnoDJeAkDvDKWCLiwIXkTgRhwYDEQCghU9Z6q03iyek/rxRh/2lC3HB7P8sWT2xC/y5JDctPLBIGzHKbhw==

semver@^7.6.3:
  version "7.7.1"
  resolved "https://registry.yarnpkg.com/semver/-/semver-7.7.1.tgz#abd5098d82b18c6c81f6074ff2647fd3e7220c9f"
  integrity sha512-hlq8tAfn0m/61p4BVRcPzIGr6LKiMwo4VM6dGi6pt4qcRkmNzTcWq6eCEjEh+qXjkMDvPlOFFSGwQjoEa6gyMA==

solady@^0.1.12:
  version "0.1.12"
  resolved "https://registry.yarnpkg.com/solady/-/solady-0.1.12.tgz#924a9e9da08226d28c4e19374dcc21da9434190f"
  integrity sha512-wfgSFhxPKJzrd2jsxe9u7/XWIaiFzJcS8Jy8uc/9H2uSwGZ/XM7IxfVaZohJj/P9gTBdkFRJ7xzsyTFy7Hz7CA==
