# THIS IS AN AUTOGENERATED FILE. DO NOT EDIT THIS FILE DIRECTLY.
# yarn lockfile v1


"@openzeppelin/contracts@^5.2.0":
  version "5.2.0"
  resolved "https://registry.yarnpkg.com/@openzeppelin/contracts/-/contracts-5.2.0.tgz#bd020694218202b811b0ea3eec07277814c658da"
  integrity sha512-bxjNie5z89W1Ea0NZLZluFh8PrFNn9DH8DQlujEok2yjsOlraUPKID5p1Wk3qdNbf6XkQ1Os2RvfiHrrXLHWKA==

"@prb/test@^0.6.4":
  version "0.6.4"
  resolved "https://registry.yarnpkg.com/@prb/test/-/test-0.6.4.tgz#20faa4b06e8c6e8fd19adcb8eb88d29d9f755afc"
  integrity sha512-P0tTMsB6XQ0Wp61EYdXJYFhsOVGyZvcOFub2y9yk0sF+GYDusctR7DzEI+vOP0SILm3knFkEJASjewHEBppdRQ==

"@solidity-parser/parser@^0.19.0":
  version "0.19.0"
  resolved "https://registry.yarnpkg.com/@solidity-parser/parser/-/parser-0.19.0.tgz#37a8983b2725af9b14ff8c4a475fa0e98d773c3f"
  integrity sha512-RV16k/qIxW/wWc+mLzV3ARyKUaMUTBy9tOLMzFhtNSKYeTAanQ3a5MudJKf/8arIFnA2L27SNjarQKmFg0w/jA==

"ds-test@github:dapphub/ds-test":
  version "1.0.0"
  resolved "https://codeload.github.com/dapphub/ds-test/tar.gz/e282159d5170298eb2455a6c05280ab5a73a4ef0"

"forge-std@github:foundry-rs/forge-std#v1.9.6":
  version "1.9.6"
  resolved "https://codeload.github.com/foundry-rs/forge-std/tar.gz/3b20d60d14b343ee4f908cb8079495c07f5e8981"

prettier-plugin-solidity@^1.4.1:
  version "1.4.2"
  resolved "https://registry.yarnpkg.com/prettier-plugin-solidity/-/prettier-plugin-solidity-1.4.2.tgz#d4f6173674e73a29731a8c79c45ab6f5246310df"
  integrity sha512-VVD/4XlDjSzyPWWCPW8JEleFa8JNKFYac5kNlMjVXemQyQZKfpekPMhFZSePuXB6L+RixlFvWe20iacGjFYrLw==
  dependencies:
    "@solidity-parser/parser" "^0.19.0"
    semver "^7.6.3"

prettier@^3.4.2:
  version "3.4.2"
  resolved "https://registry.yarnpkg.com/prettier/-/prettier-3.4.2.tgz#a5ce1fb522a588bf2b78ca44c6e6fe5aa5a2b13f"
  integrity sha512-e9MewbtFo+Fevyuxn/4rrcDAaq0IYxPGLvObpQjiZBMAzB9IGmzlnG9RZy3FFas+eBMu2vA0CszMeduow5dIuQ==

semver@^7.6.3:
  version "7.7.1"
  resolved "https://registry.yarnpkg.com/semver/-/semver-7.7.1.tgz#abd5098d82b18c6c81f6074ff2647fd3e7220c9f"
  integrity sha512-hlq8tAfn0m/61p4BVRcPzIGr6LKiMwo4VM6dGi6pt4qcRkmNzTcWq6eCEjEh+qXjkMDvPlOFFSGwQjoEa6gyMA==

solady@^0.1.2:
  version "0.1.7"
  resolved "https://registry.yarnpkg.com/solady/-/solady-0.1.7.tgz#f22ea47cf2136f66f10f5c34add60ca2ca858153"
  integrity sha512-mjMxI49n/HarlavluZLWzWQxHm02kjeaQOEZQcFOsMOfY0OJlW6rc9T9tnfybzLhbltmGxKlSoN2G8iN5/KbmQ==
